
Microsoft Visual Studio Solution File, Format Version 12.00
# Visual Studio Version 17
VisualStudioVersion = 17.0.31903.59
MinimumVisualStudioVersion = 10.0.40219.1
Project("{2150E333-8FDC-42A3-9474-1A3956D46DE8}") = "BlazorProject", "BlazorProject", "{9C3B8EA6-69A6-41E6-AF82-3982C4B43D6D}"
EndProject
Project("{FAE04EC0-301F-11D3-BF4B-00C04F79EFBC}") = "BlazorProject", "BlazorProject\BlazorProject\BlazorProject.csproj", "{3F96116B-1826-4623-9780-173BDF4EBFFA}"
EndProject
Project("{FAE04EC0-301F-11D3-BF4B-00C04F79EFBC}") = "BlazorProject.Client", "BlazorProject\BlazorProject.Client\BlazorProject.Client.csproj", "{A524D671-8AD6-4094-8074-926038FA9A4F}"
EndProject
Project("{FAE04EC0-301F-11D3-BF4B-00C04F79EFBC}") = "BlazorProject.Models", "BlazorProject\BlazorProject.Models\BlazorProject.Models.csproj", "{1EDCDDC4-B1FF-4D1F-BFFB-DAA87D04DA09}"
EndProject
Global
	GlobalSection(SolutionConfigurationPlatforms) = preSolution
		Debug|Any CPU = Debug|Any CPU
		Release|Any CPU = Release|Any CPU
	EndGlobalSection
	GlobalSection(SolutionProperties) = preSolution
		HideSolutionNode = FALSE
	EndGlobalSection
	GlobalSection(ProjectConfigurationPlatforms) = postSolution
		{3F96116B-1826-4623-9780-173BDF4EBFFA}.Debug|Any CPU.ActiveCfg = Debug|Any CPU
		{3F96116B-1826-4623-9780-173BDF4EBFFA}.Debug|Any CPU.Build.0 = Debug|Any CPU
		{3F96116B-1826-4623-9780-173BDF4EBFFA}.Release|Any CPU.ActiveCfg = Release|Any CPU
		{3F96116B-1826-4623-9780-173BDF4EBFFA}.Release|Any CPU.Build.0 = Release|Any CPU
		{A524D671-8AD6-4094-8074-926038FA9A4F}.Debug|Any CPU.ActiveCfg = Debug|Any CPU
		{A524D671-8AD6-4094-8074-926038FA9A4F}.Debug|Any CPU.Build.0 = Debug|Any CPU
		{A524D671-8AD6-4094-8074-926038FA9A4F}.Release|Any CPU.ActiveCfg = Release|Any CPU
		{A524D671-8AD6-4094-8074-926038FA9A4F}.Release|Any CPU.Build.0 = Release|Any CPU
		{1EDCDDC4-B1FF-4D1F-BFFB-DAA87D04DA09}.Debug|Any CPU.ActiveCfg = Debug|Any CPU
		{1EDCDDC4-B1FF-4D1F-BFFB-DAA87D04DA09}.Debug|Any CPU.Build.0 = Debug|Any CPU
		{1EDCDDC4-B1FF-4D1F-BFFB-DAA87D04DA09}.Release|Any CPU.ActiveCfg = Release|Any CPU
		{1EDCDDC4-B1FF-4D1F-BFFB-DAA87D04DA09}.Release|Any CPU.Build.0 = Release|Any CPU
	EndGlobalSection
	GlobalSection(NestedProjects) = preSolution
		{3F96116B-1826-4623-9780-173BDF4EBFFA} = {9C3B8EA6-69A6-41E6-AF82-3982C4B43D6D}
		{A524D671-8AD6-4094-8074-926038FA9A4F} = {9C3B8EA6-69A6-41E6-AF82-3982C4B43D6D}
		{1EDCDDC4-B1FF-4D1F-BFFB-DAA87D04DA09} = {9C3B8EA6-69A6-41E6-AF82-3982C4B43D6D}
	EndGlobalSection
EndGlobal
